
Microsoft Visual Studio Solution File, Format Version 12.00
# Visual Studio Version 17
VisualStudioVersion = 17.12.35506.116
MinimumVisualStudioVersion = 10.0.40219.1
Project("{FAE04EC0-301F-11D3-BF4B-00C04F79EFBC}") = "IntroductionToBlazor", "IntroductionToBlazor\IntroductionToBlazor.csproj", "{AEA49634-040F-482B-AB0F-866ACC6305D3}"
EndProject
Project("{FAE04EC0-301F-11D3-BF4B-00C04F79EFBC}") = "TODOlist", "TODOlist\TODOlist.csproj", "{495E77EC-0DDA-461D-977C-DC63BF7C6EE3}"
EndProject
Project("{FAE04EC0-301F-11D3-BF4B-00C04F79EFBC}") = "Movies", "Movies\Movies.csproj", "{337CC441-408F-49B7-8BA4-E12A3C8D05BD}"
EndProject
Project("{FAE04EC0-301F-11D3-BF4B-00C04F79EFBC}") = "BlazorAcademy", "BlazorAcademy\BlazorAcademy.csproj", "{FEFB1A66-C0E1-40CC-847C-CE924FA0D604}"
EndProject
Project("{FAE04EC0-301F-11D3-BF4B-00C04F79EFBC}") = "BlazorAcademy2", "BlazorAcademy2\BlazorAcademy2.csproj", "{7F6C22EC-F811-4772-82BF-4CA1CE54FE55}"
EndProject
Global
	GlobalSection(SolutionConfigurationPlatforms) = preSolution
		Debug|Any CPU = Debug|Any CPU
		Release|Any CPU = Release|Any CPU
	EndGlobalSection
	GlobalSection(ProjectConfigurationPlatforms) = postSolution
		{AEA49634-040F-482B-AB0F-866ACC6305D3}.Debug|Any CPU.ActiveCfg = Debug|Any CPU
		{AEA49634-040F-482B-AB0F-866ACC6305D3}.Debug|Any CPU.Build.0 = Debug|Any CPU
		{AEA49634-040F-482B-AB0F-866ACC6305D3}.Release|Any CPU.ActiveCfg = Release|Any CPU
		{AEA49634-040F-482B-AB0F-866ACC6305D3}.Release|Any CPU.Build.0 = Release|Any CPU
		{495E77EC-0DDA-461D-977C-DC63BF7C6EE3}.Debug|Any CPU.ActiveCfg = Debug|Any CPU
		{495E77EC-0DDA-461D-977C-DC63BF7C6EE3}.Debug|Any CPU.Build.0 = Debug|Any CPU
		{495E77EC-0DDA-461D-977C-DC63BF7C6EE3}.Release|Any CPU.ActiveCfg = Release|Any CPU
		{495E77EC-0DDA-461D-977C-DC63BF7C6EE3}.Release|Any CPU.Build.0 = Release|Any CPU
		{337CC441-408F-49B7-8BA4-E12A3C8D05BD}.Debug|Any CPU.ActiveCfg = Debug|Any CPU
		{337CC441-408F-49B7-8BA4-E12A3C8D05BD}.Debug|Any CPU.Build.0 = Debug|Any CPU
		{337CC441-408F-49B7-8BA4-E12A3C8D05BD}.Release|Any CPU.ActiveCfg = Release|Any CPU
		{337CC441-408F-49B7-8BA4-E12A3C8D05BD}.Release|Any CPU.Build.0 = Release|Any CPU
		{FEFB1A66-C0E1-40CC-847C-CE924FA0D604}.Debug|Any CPU.ActiveCfg = Debug|Any CPU
		{FEFB1A66-C0E1-40CC-847C-CE924FA0D604}.Debug|Any CPU.Build.0 = Debug|Any CPU
		{FEFB1A66-C0E1-40CC-847C-CE924FA0D604}.Release|Any CPU.ActiveCfg = Release|Any CPU
		{FEFB1A66-C0E1-40CC-847C-CE924FA0D604}.Release|Any CPU.Build.0 = Release|Any CPU
		{7F6C22EC-F811-4772-82BF-4CA1CE54FE55}.Debug|Any CPU.ActiveCfg = Debug|Any CPU
		{7F6C22EC-F811-4772-82BF-4CA1CE54FE55}.Debug|Any CPU.Build.0 = Debug|Any CPU
		{7F6C22EC-F811-4772-82BF-4CA1CE54FE55}.Release|Any CPU.ActiveCfg = Release|Any CPU
		{7F6C22EC-F811-4772-82BF-4CA1CE54FE55}.Release|Any CPU.Build.0 = Release|Any CPU
	EndGlobalSection
	GlobalSection(SolutionProperties) = preSolution
		HideSolutionNode = FALSE
	EndGlobalSection
EndGlobal
